// !$*UTF8*$!
{
	archiveVersion = 1;
	classes = {
	};
	objectVersion = 56;
	objects = {

/* Begin PBXBuildFile section */
		F97FD1AE2A6204730067EA0B /* AppDelegate.swift in Sources */ = {isa = PBXBuildFile; fileRef = F97FD1AD2A6204730067EA0B /* AppDelegate.swift */; };
		F97FD1B02A6204730067EA0B /* SceneDelegate.swift in Sources */ = {isa = PBXBuildFile; fileRef = F97FD1AF2A6204730067EA0B /* SceneDelegate.swift */; };
		F97FD1B22A6204730067EA0B /* ViewController.swift in Sources */ = {isa = PBXBuildFile; fileRef = F97FD1B12A6204730067EA0B /* ViewController.swift */; };
		F97FD1B52A6204730067EA0B /* Main.storyboard in Resources */ = {isa = PBXBuildFile; fileRef = F97FD1B32A6204730067EA0B /* Main.storyboard */; };
		F97FD1B72A6204750067EA0B /* Assets.xcassets in Resources */ = {isa = PBXBuildFile; fileRef = F97FD1B62A6204750067EA0B /* Assets.xcassets */; };
		F97FD1BA2A6204750067EA0B /* LaunchScreen.storyboard in Resources */ = {isa = PBXBuildFile; fileRef = F97FD1B82A6204750067EA0B /* LaunchScreen.storyboard */; };
		F97FD1CA2A6353390067EA0B /* WebController.swift in Sources */ = {isa = PBXBuildFile; fileRef = F97FD1C92A6353390067EA0B /* WebController.swift */; };
		F97FD1CD2A6454E20067EA0B /* websiteName.swift in Sources */ = {isa = PBXBuildFile; fileRef = F97FD1CB2A6454E20067EA0B /* websiteName.swift */; };
		F97FD1CE2A6454E20067EA0B /* websiteName.xib in Resources */ = {isa = PBXBuildFile; fileRef = F97FD1CC2A6454E20067EA0B /* websiteName.xib */; };
		F97FD1D02A648FD30067EA0B /* data.swift in Sources */ = {isa = PBXBuildFile; fileRef = F97FD1CF2A648FD30067EA0B /* data.swift */; };
/* End PBXBuildFile section */

/* Begin PBXFileReference section */
		F97FD1AA2A6204730067EA0B /* HikeUIkIt.app */ = {isa = PBXFileReference; explicitFileType = wrapper.application; includeInIndex = 0; path = HikeUIkIt.app; sourceTree = BUILT_PRODUCTS_DIR; };
		F97FD1AD2A6204730067EA0B /* AppDelegate.swift */ = {isa = PBXFileReference; lastKnownFileType = sourcecode.swift; path = AppDelegate.swift; sourceTree = "<group>"; };
		F97FD1AF2A6204730067EA0B /* SceneDelegate.swift */ = {isa = PBXFileReference; lastKnownFileType = sourcecode.swift; path = SceneDelegate.swift; sourceTree = "<group>"; };
		F97FD1B12A6204730067EA0B /* ViewController.swift */ = {isa = PBXFileReference; lastKnownFileType = sourcecode.swift; path = ViewController.swift; sourceTree = "<group>"; };
		F97FD1B42A6204730067EA0B /* Base */ = {isa = PBXFileReference; lastKnownFileType = file.storyboard; name = Base; path = Base.lproj/Main.storyboard; sourceTree = "<group>"; };
		F97FD1B62A6204750067EA0B /* Assets.xcassets */ = {isa = PBXFileReference; lastKnownFileType = folder.assetcatalog; path = Assets.xcassets; sourceTree = "<group>"; };
		F97FD1B92A6204750067EA0B /* Base */ = {isa = PBXFileReference; lastKnownFileType = file.storyboard; name = Base; path = Base.lproj/LaunchScreen.storyboard; sourceTree = "<group>"; };
		F97FD1BB2A6204750067EA0B /* Info.plist */ = {isa = PBXFileReference; lastKnownFileType = text.plist.xml; path = Info.plist; sourceTree = "<group>"; };
		F97FD1C92A6353390067EA0B /* WebController.swift */ = {isa = PBXFileReference; lastKnownFileType = sourcecode.swift; path = WebController.swift; sourceTree = "<group>"; };
		F97FD1CB2A6454E20067EA0B /* websiteName.swift */ = {isa = PBXFileReference; lastKnownFileType = sourcecode.swift; path = websiteName.swift; sourceTree = "<group>"; };
		F97FD1CC2A6454E20067EA0B /* websiteName.xib */ = {isa = PBXFileReference; lastKnownFileType = file.xib; path = websiteName.xib; sourceTree = "<group>"; };
		F97FD1CF2A648FD30067EA0B /* data.swift */ = {isa = PBXFileReference; lastKnownFileType = sourcecode.swift; path = data.swift; sourceTree = "<group>"; };
/* End PBXFileReference section */

/* Begin PBXFrameworksBuildPhase section */
		F97FD1A72A6204730067EA0B /* Frameworks */ = {
			isa = PBXFrameworksBuildPhase;
			buildActionMask = 2147483647;
			files = (
			);
			runOnlyForDeploymentPostprocessing = 0;
		};
/* End PBXFrameworksBuildPhase section */

/* Begin PBXGroup section */
		F97FD1A12A6204730067EA0B = {
			isa = PBXGroup;
			children = (
				F97FD1AC2A6204730067EA0B /* HikeUIkIt */,
				F97FD1AB2A6204730067EA0B /* Products */,
			);
			sourceTree = "<group>";
		};
		F97FD1AB2A6204730067EA0B /* Products */ = {
			isa = PBXGroup;
			children = (
				F97FD1AA2A6204730067EA0B /* HikeUIkIt.app */,
			);
			name = Products;
			sourceTree = "<group>";
		};
		F97FD1AC2A6204730067EA0B /* HikeUIkIt */ = {
			isa = PBXGroup;
			children = (
				F97FD1AD2A6204730067EA0B /* AppDelegate.swift */,
				F97FD1AF2A6204730067EA0B /* SceneDelegate.swift */,
				F97FD1C82A6353020067EA0B /* Controller */,
				F97FD1B32A6204730067EA0B /* Main.storyboard */,
				F97FD1B62A6204750067EA0B /* Assets.xcassets */,
				F97FD1B82A6204750067EA0B /* LaunchScreen.storyboard */,
				F97FD1BB2A6204750067EA0B /* Info.plist */,
			);
			path = HikeUIkIt;
			sourceTree = "<group>";
		};
		F97FD1C82A6353020067EA0B /* Controller */ = {
			isa = PBXGroup;
			children = (
				F97FD1B12A6204730067EA0B /* ViewController.swift */,
				F97FD1C92A6353390067EA0B /* WebController.swift */,
				F97FD1CB2A6454E20067EA0B /* websiteName.swift */,
				F97FD1CF2A648FD30067EA0B /* data.swift */,
				F97FD1CC2A6454E20067EA0B /* websiteName.xib */,
			);
			path = Controller;
			sourceTree = "<group>";
		};
/* End PBXGroup section */

/* Begin PBXNativeTarget section */
		F97FD1A92A6204730067EA0B /* HikeUIkIt */ = {
			isa = PBXNativeTarget;
			buildConfigurationList = F97FD1BE2A6204750067EA0B /* Build configuration list for PBXNativeTarget "HikeUIkIt" */;
			buildPhases = (
				F97FD1A62A6204730067EA0B /* Sources */,
				F97FD1A72A6204730067EA0B /* Frameworks */,
				F97FD1A82A6204730067EA0B /* Resources */,
			);
			buildRules = (
			);
			dependencies = (
			);
			name = HikeUIkIt;
			productName = HikeUIkIt;
			productReference = F97FD1AA2A6204730067EA0B /* HikeUIkIt.app */;
			productType = "com.apple.product-type.application";
		};
/* End PBXNativeTarget section */

/* Begin PBXProject section */
		F97FD1A22A6204730067EA0B /* Project object */ = {
			isa = PBXProject;
			attributes = {
				BuildIndependentTargetsInParallel = 1;
				LastSwiftUpdateCheck = 1420;
				LastUpgradeCheck = 1420;
				TargetAttributes = {
					F97FD1A92A6204730067EA0B = {
						CreatedOnToolsVersion = 14.2;
					};
				};
			};
			buildConfigurationList = F97FD1A52A6204730067EA0B /* Build configuration list for PBXProject "HikeUIkIt" */;
			compatibilityVersion = "Xcode 14.0";
			developmentRegion = en;
			hasScannedForEncodings = 0;
			knownRegions = (
				en,
				Base,
			);
			mainGroup = F97FD1A12A6204730067EA0B;
			productRefGroup = F97FD1AB2A6204730067EA0B /* Products */;
			projectDirPath = "";
			projectRoot = "";
			targets = (
				F97FD1A92A6204730067EA0B /* HikeUIkIt */,
			);
		};
/* End PBXProject section */

/* Begin PBXResourcesBuildPhase section */
		F97FD1A82A6204730067EA0B /* Resources */ = {
			isa = PBXResourcesBuildPhase;
			buildActionMask = 2147483647;
			files = (
				F97FD1CE2A6454E20067EA0B /* websiteName.xib in Resources */,
				F97FD1BA2A6204750067EA0B /* LaunchScreen.storyboard in Resources */,
				F97FD1B72A6204750067EA0B /* Assets.xcassets in Resources */,
				F97FD1B52A6204730067EA0B /* Main.storyboard in Resources */,
			);
			runOnlyForDeploymentPostprocessing = 0;
		};
/* End PBXResourcesBuildPhase section */

/* Begin PBXSourcesBuildPhase section */
		F97FD1A62A6204730067EA0B /* Sources */ = {
			isa = PBXSourcesBuildPhase;
			buildActionMask = 2147483647;
			files = (
				F97FD1CA2A6353390067EA0B /* WebController.swift in Sources */,
				F97FD1D02A648FD30067EA0B /* data.swift in Sources */,
				F97FD1B22A6204730067EA0B /* ViewController.swift in Sources */,
				F97FD1CD2A6454E20067EA0B /* websiteName.swift in Sources */,
				F97FD1AE2A6204730067EA0B /* AppDelegate.swift in Sources */,
				F97FD1B02A6204730067EA0B /* SceneDelegate.swift in Sources */,
			);
			runOnlyForDeploymentPostprocessing = 0;
		};
/* End PBXSourcesBuildPhase section */

/* Begin PBXVariantGroup section */
		F97FD1B32A6204730067EA0B /* Main.storyboard */ = {
			isa = PBXVariantGroup;
			children = (
				F97FD1B42A6204730067EA0B /* Base */,
			);
			name = Main.storyboard;
			sourceTree = "<group>";
		};
		F97FD1B82A6204750067EA0B /* LaunchScreen.storyboard */ = {
			isa = PBXVariantGroup;
			children = (
				F97FD1B92A6204750067EA0B /* Base */,
			);
			name = LaunchScreen.storyboard;
			sourceTree = "<group>";
		};
/* End PBXVariantGroup section */

/* Begin XCBuildConfiguration section */
		F97FD1BC2A6204750067EA0B /* Debug */ = {
			isa = XCBuildConfiguration;
			buildSettings = {
				ALWAYS_SEARCH_USER_PATHS = NO;
				CLANG_ANALYZER_NONNULL = YES;
				CLANG_ANALYZER_NUMBER_OBJECT_CONVERSION = YES_AGGRESSIVE;
				CLANG_CXX_LANGUAGE_STANDARD = "gnu++20";
				CLANG_ENABLE_MODULES = YES;
				CLANG_ENABLE_OBJC_ARC = YES;
				CLANG_ENABLE_OBJC_WEAK = YES;
				CLANG_WARN_BLOCK_CAPTURE_AUTORELEASING = YES;
				CLANG_WARN_BOOL_CONVERSION = YES;
				CLANG_WARN_COMMA = YES;
				CLANG_WARN_CONSTANT_CONVERSION = YES;
				CLANG_WARN_DEPRECATED_OBJC_IMPLEMENTATIONS = YES;
				CLANG_WARN_DIRECT_OBJC_ISA_USAGE = YES_ERROR;
				CLANG_WARN_DOCUMENTATION_COMMENTS = YES;
				CLANG_WARN_EMPTY_BODY = YES;
				CLANG_WARN_ENUM_CONVERSION = YES;
				CLANG_WARN_INFINITE_RECURSION = YES;
				CLANG_WARN_INT_CONVERSION = YES;
				CLANG_WARN_NON_LITERAL_NULL_CONVERSION = YES;
				CLANG_WARN_OBJC_IMPLICIT_RETAIN_SELF = YES;
				CLANG_WARN_OBJC_LITERAL_CONVERSION = YES;
				CLANG_WARN_OBJC_ROOT_CLASS = YES_ERROR;
				CLANG_WARN_QUOTED_INCLUDE_IN_FRAMEWORK_HEADER = YES;
				CLANG_WARN_RANGE_LOOP_ANALYSIS = YES;
				CLANG_WARN_STRICT_PROTOTYPES = YES;
				CLANG_WARN_SUSPICIOUS_MOVE = YES;
				CLANG_WARN_UNGUARDED_AVAILABILITY = YES_AGGRESSIVE;
				CLANG_WARN_UNREACHABLE_CODE = YES;
				CLANG_WARN__DUPLICATE_METHOD_MATCH = YES;
				COPY_PHASE_STRIP = NO;
				DEBUG_INFORMATION_FORMAT = dwarf;
				ENABLE_STRICT_OBJC_MSGSEND = YES;
				ENABLE_TESTABILITY = YES;
				GCC_C_LANGUAGE_STANDARD = gnu11;
				GCC_DYNAMIC_NO_PIC = NO;
				GCC_NO_COMMON_BLOCKS = YES;
				GCC_OPTIMIZATION_LEVEL = 0;
				GCC_PREPROCESSOR_DEFINITIONS = (
					"DEBUG=1",
					"$(inherited)",
				);
				GCC_WARN_64_TO_32_BIT_CONVERSION = YES;
				GCC_WARN_ABOUT_RETURN_TYPE = YES_ERROR;
				GCC_WARN_UNDECLARED_SELECTOR = YES;
				GCC_WARN_UNINITIALIZED_AUTOS = YES_AGGRESSIVE;
				GCC_WARN_UNUSED_FUNCTION = YES;
				GCC_WARN_UNUSED_VARIABLE = YES;
				IPHONEOS_DEPLOYMENT_TARGET = 16.2;
				MTL_ENABLE_DEBUG_INFO = INCLUDE_SOURCE;
				MTL_FAST_MATH = YES;
				ONLY_ACTIVE_ARCH = YES;
				SDKROOT = iphoneos;
				SWIFT_ACTIVE_COMPILATION_CONDITIONS = DEBUG;
				SWIFT_OPTIMIZATION_LEVEL = "-Onone";
			};
			name = Debug;
		};
		F97FD1BD2A6204750067EA0B /* Release */ = {
			isa = XCBuildConfiguration;
			buildSettings = {
				ALWAYS_SEARCH_USER_PATHS = NO;
				CLANG_ANALYZER_NONNULL = YES;
				CLANG_ANALYZER_NUMBER_OBJECT_CONVERSION = YES_AGGRESSIVE;
				CLANG_CXX_LANGUAGE_STANDARD = "gnu++20";
				CLANG_ENABLE_MODULES = YES;
				CLANG_ENABLE_OBJC_ARC = YES;
				CLANG_ENABLE_OBJC_WEAK = YES;
				CLANG_WARN_BLOCK_CAPTURE_AUTORELEASING = YES;
				CLANG_WARN_BOOL_CONVERSION = YES;
				CLANG_WARN_COMMA = YES;
				CLANG_WARN_CONSTANT_CONVERSION = YES;
				CLANG_WARN_DEPRECATED_OBJC_IMPLEMENTATIONS = YES;
				CLANG_WARN_DIRECT_OBJC_ISA_USAGE = YES_ERROR;
				CLANG_WARN_DOCUMENTATION_COMMENTS = YES;
				CLANG_WARN_EMPTY_BODY = YES;
				CLANG_WARN_ENUM_CONVERSION = YES;
				CLANG_WARN_INFINITE_RECURSION = YES;
				CLANG_WARN_INT_CONVERSION = YES;
				CLANG_WARN_NON_LITERAL_NULL_CONVERSION = YES;
				CLANG_WARN_OBJC_IMPLICIT_RETAIN_SELF = YES;
				CLANG_WARN_OBJC_LITERAL_CONVERSION = YES;
				CLANG_WARN_OBJC_ROOT_CLASS = YES_ERROR;
				CLANG_WARN_QUOTED_INCLUDE_IN_FRAMEWORK_HEADER = YES;
				CLANG_WARN_RANGE_LOOP_ANALYSIS = YES;
				CLANG_WARN_STRICT_PROTOTYPES = YES;
				CLANG_WARN_SUSPICIOUS_MOVE = YES;
				CLANG_WARN_UNGUARDED_AVAILABILITY = YES_AGGRESSIVE;
				CLANG_WARN_UNREACHABLE_CODE = YES;
				CLANG_WARN__DUPLICATE_METHOD_MATCH = YES;
				COPY_PHASE_STRIP = NO;
				DEBUG_INFORMATION_FORMAT = "dwarf-with-dsym";
				ENABLE_NS_ASSERTIONS = NO;
				ENABLE_STRICT_OBJC_MSGSEND = YES;
				GCC_C_LANGUAGE_STANDARD = gnu11;
				GCC_NO_COMMON_BLOCKS = YES;
				GCC_WARN_64_TO_32_BIT_CONVERSION = YES;
				GCC_WARN_ABOUT_RETURN_TYPE = YES_ERROR;
				GCC_WARN_UNDECLARED_SELECTOR = YES;
				GCC_WARN_UNINITIALIZED_AUTOS = YES_AGGRESSIVE;
				GCC_WARN_UNUSED_FUNCTION = YES;
				GCC_WARN_UNUSED_VARIABLE = YES;
				IPHONEOS_DEPLOYMENT_TARGET = 16.2;
				MTL_ENABLE_DEBUG_INFO = NO;
				MTL_FAST_MATH = YES;
				SDKROOT = iphoneos;
				SWIFT_COMPILATION_MODE = wholemodule;
				SWIFT_OPTIMIZATION_LEVEL = "-O";
				VALIDATE_PRODUCT = YES;
			};
			name = Release;
		};
		F97FD1BF2A6204750067EA0B /* Debug */ = {
			isa = XCBuildConfiguration;
			buildSettings = {
				ASSETCATALOG_COMPILER_APPICON_NAME = AppIcon;
				ASSETCATALOG_COMPILER_GLOBAL_ACCENT_COLOR_NAME = AccentColor;
				CODE_SIGN_STYLE = Automatic;
				CURRENT_PROJECT_VERSION = 1;
				DEVELOPMENT_TEAM = RSA4HVWMUV;
				GENERATE_INFOPLIST_FILE = YES;
				INFOPLIST_FILE = HikeUIkIt/Info.plist;
				INFOPLIST_KEY_UIApplicationSupportsIndirectInputEvents = YES;
				INFOPLIST_KEY_UILaunchStoryboardName = LaunchScreen;
				INFOPLIST_KEY_UIMainStoryboardFile = Main;
				INFOPLIST_KEY_UISupportedInterfaceOrientations_iPad = "UIInterfaceOrientationPortrait UIInterfaceOrientationPortraitUpsideDown UIInterfaceOrientationLandscapeLeft UIInterfaceOrientationLandscapeRight";
				INFOPLIST_KEY_UISupportedInterfaceOrientations_iPhone = "UIInterfaceOrientationPortrait UIInterfaceOrientationLandscapeLeft UIInterfaceOrientationLandscapeRight";
				LD_RUNPATH_SEARCH_PATHS = (
					"$(inherited)",
					"@executable_path/Frameworks",
				);
				MARKETING_VERSION = 1.0;
				PRODUCT_BUNDLE_IDENTIFIER = www.preeti.com.HikeUIkIt;
				PRODUCT_NAME = "$(TARGET_NAME)";
				SWIFT_EMIT_LOC_STRINGS = YES;
				SWIFT_VERSION = 5.0;
				TARGETED_DEVICE_FAMILY = "1,2";
			};
			name = Debug;
		};
		F97FD1C02A6204750067EA0B /* Release */ = {
			isa = XCBuildConfiguration;
			buildSettings = {
				ASSETCATALOG_COMPILER_APPICON_NAME = AppIcon;
				ASSETCATALOG_COMPILER_GLOBAL_ACCENT_COLOR_NAME = AccentColor;
				CODE_SIGN_STYLE = Automatic;
				CURRENT_PROJECT_VERSION = 1;
				DEVELOPMENT_TEAM = RSA4HVWMUV;
				GENERATE_INFOPLIST_FILE = YES;
				INFOPLIST_FILE = HikeUIkIt/Info.plist;
				INFOPLIST_KEY_UIApplicationSupportsIndirectInputEvents = YES;
				INFOPLIST_KEY_UILaunchStoryboardName = LaunchScreen;
				INFOPLIST_KEY_UIMainStoryboardFile = Main;
				INFOPLIST_KEY_UISupportedInterfaceOrientations_iPad = "UIInterfaceOrientationPortrait UIInterfaceOrientationPortraitUpsideDown UIInterfaceOrientationLandscapeLeft UIInterfaceOrientationLandscapeRight";
				INFOPLIST_KEY_UISupportedInterfaceOrientations_iPhone = "UIInterfaceOrientationPortrait UIInterfaceOrientationLandscapeLeft UIInterfaceOrientationLandscapeRight";
				LD_RUNPATH_SEARCH_PATHS = (
					"$(inherited)",
					"@executable_path/Frameworks",
				);
				MARKETING_VERSION = 1.0;
				PRODUCT_BUNDLE_IDENTIFIER = www.preeti.com.HikeUIkIt;
				PRODUCT_NAME = "$(TARGET_NAME)";
				SWIFT_EMIT_LOC_STRINGS = YES;
				SWIFT_VERSION = 5.0;
				TARGETED_DEVICE_FAMILY = "1,2";
			};
			name = Release;
		};
/* End XCBuildConfiguration section */

/* Begin XCConfigurationList section */
		F97FD1A52A6204730067EA0B /* Build configuration list for PBXProject "HikeUIkIt" */ = {
			isa = XCConfigurationList;
			buildConfigurations = (
				F97FD1BC2A6204750067EA0B /* Debug */,
				F97FD1BD2A6204750067EA0B /* Release */,
			);
			defaultConfigurationIsVisible = 0;
			defaultConfigurationName = Release;
		};
		F97FD1BE2A6204750067EA0B /* Build configuration list for PBXNativeTarget "HikeUIkIt" */ = {
			isa = XCConfigurationList;
			buildConfigurations = (
				F97FD1BF2A6204750067EA0B /* Debug */,
				F97FD1C02A6204750067EA0B /* Release */,
			);
			defaultConfigurationIsVisible = 0;
			defaultConfigurationName = Release;
		};
/* End XCConfigurationList section */
	};
	rootObject = F97FD1A22A6204730067EA0B /* Project object */;
}
